
Microsoft Visual Studio Solution File, Format Version 12.00
# Visual Studio Version 16
VisualStudioVersion = 16.0.31025.194
MinimumVisualStudioVersion = 10.0.40219.1
Project("{FAE04EC0-301F-11D3-BF4B-00C04F79EFBC}") = "RandomSameSeed", "RandomSameSeed.csproj", "{8A5361EE-DF95-47DE-8E1C-7E7B3DB5CA23}"
EndProject
Global
	GlobalSection(SolutionConfigurationPlatforms) = preSolution
		Debug|Any CPU = Debug|Any CPU
		Release|Any CPU = Release|Any CPU
	EndGlobalSection
	GlobalSection(ProjectConfigurationPlatforms) = postSolution
		{8A5361EE-DF95-47DE-8E1C-7E7B3DB5CA23}.Debug|Any CPU.ActiveCfg = Debug|Any CPU
		{8A5361EE-DF95-47DE-8E1C-7E7B3DB5CA23}.Debug|Any CPU.Build.0 = Debug|Any CPU
		{8A5361EE-DF95-47DE-8E1C-7E7B3DB5CA23}.Release|Any CPU.ActiveCfg = Release|Any CPU
		{8A5361EE-DF95-47DE-8E1C-7E7B3DB5CA23}.Release|Any CPU.Build.0 = Release|Any CPU
	EndGlobalSection
	GlobalSection(SolutionProperties) = preSolution
		HideSolutionNode = FALSE
	EndGlobalSection
	GlobalSection(ExtensibilityGlobals) = postSolution
		SolutionGuid = {C9A76914-2722-4045-B7D1-2B5D728C6EC1}
	EndGlobalSection
EndGlobal
